{
  "name": "sweet-react-tools",
  "version": "0.2.0",
  "lockfileVersion": 3,
  "requires": true,
  "packages": {
    "": {
      "name": "sweet-react-tools",
      "version": "0.2.0",
      "license": "MIT",
      "dependencies": {
        "react": "*",
        "sweet-dev-tools": "^0.0.1",
        "sweet-js-tools": "^1.0.0"
      },
      "devDependencies": {
        "@types/react": "^19.2.14",
        "@types/react-dom": "^19.2.3",
        "typescript": "5.8 - 6.0"
      }
    },
    "node_modules/@types/react": {
      "version": "19.2.14",
      "resolved": "https://registry.npmjs.org/@types/react/-/react-19.2.14.tgz",
      "integrity": "sha512-ilcTH/UniCkMdtexkoCN0bI7pMcJDvmQFPvuPvmEaYA/NSfFTAgdUSLAoVjaRJm7+6PvcM+q1zYOwS4wTYMF9w==",
      "dev": true,
      "license": "MIT",
      "dependencies": {
        "csstype": "^3.2.2"
      }
    },
    "node_modules/@types/react-dom": {
      "version": "19.2.3",
      "resolved": "https://registry.npmjs.org/@types/react-dom/-/react-dom-19.2.3.tgz",
      "integrity": "sha512-jp2L/eY6fn+KgVVQAOqYItbF0VY/YApe5Mz2F0aykSO8gx31bYCZyvSeYxCHKvzHG5eZjc+zyaS5BrBWya2+kQ==",
      "dev": true,
      "license": "MIT",
      "peerDependencies": {
        "@types/react": "^19.2.0"
      }
    },
    "node_modules/csstype": {
      "version": "3.2.3",
      "resolved": "https://registry.npmjs.org/csstype/-/csstype-3.2.3.tgz",
      "integrity": "sha512-z1HGKcYy2xA8AGQfwrn0PAy+PB7X/GSj3UVJW9qKyn43xWa+gl5nXmU4qqLMRzWVLFC8KusUX8T/0kCiOYpAIQ==",
      "dev": true,
      "license": "MIT"
    },
    "node_modules/react": {
      "version": "19.2.4",
      "resolved": "https://registry.npmjs.org/react/-/react-19.2.4.tgz",
      "integrity": "sha512-9nfp2hYpCwOjAN+8TZFGhtWEwgvWHXqESH8qT89AT/lWklpLON22Lc8pEtnpsZz7VmawabSU0gCjnj8aC0euHQ==",
      "license": "MIT",
      "engines": {
        "node": ">=0.10.0"
      }
    },
    "node_modules/sweet-dev-tools": {
      "version": "0.0.1",
      "resolved": "https://registry.npmjs.org/sweet-dev-tools/-/sweet-dev-tools-0.0.1.tgz",
      "integrity": "sha512-5x5VjOLQIEnyQDH2iLO5sQsuTeEL07j8g9eZ/XeuUg77ofYP6Hkyous7S+XNbUgypdVt+PsQ5qFWAxIZ6dvQSg==",
      "license": "MIT"
    },
    "node_modules/sweet-js-tools": {
      "version": "1.0.0",
      "resolved": "https://registry.npmjs.org/sweet-js-tools/-/sweet-js-tools-1.0.0.tgz",
      "integrity": "sha512-i3J9SpEsC3dFkszEoRZ173GRM1OJcpKzbF6QnLjGoa3iCysSw4n5nzArcDzfSXqrAfX8UDN3DEx6MYBF0VmlxA==",
      "license": "MIT",
      "dependencies": {
        "sweet-type-tools": "^1.0.1"
      }
    },
    "node_modules/sweet-type-tools": {
      "version": "1.0.1",
      "resolved": "https://registry.npmjs.org/sweet-type-tools/-/sweet-type-tools-1.0.1.tgz",
      "integrity": "sha512-kCqteEih0WxS9FHlStf/qnr0EQJmJBqUN/pFGE+HVa3kv0LlkxlJ+KjsLPXbAXhsqGC28dWXlz61Igmcw6aS9A==",
      "license": "MIT"
    },
    "node_modules/typescript": {
      "version": "6.0.2",
      "resolved": "https://registry.npmjs.org/typescript/-/typescript-6.0.2.tgz",
      "integrity": "sha512-bGdAIrZ0wiGDo5l8c++HWtbaNCWTS4UTv7RaTH/ThVIgjkveJt83m74bBHMJkuCbslY8ixgLBVZJIOiQlQTjfQ==",
      "dev": true,
      "license": "Apache-2.0",
      "bin": {
        "tsc": "bin/tsc",
        "tsserver": "bin/tsserver"
      },
      "engines": {
        "node": ">=14.17"
      }
    }
  }
}
